
Microsoft Visual Studio Solution File, Format Version 12.00
# Visual Studio Version 16
VisualStudioVersion = 16.0.31911.196
MinimumVisualStudioVersion = 10.0.40219.1
Project("{FAE04EC0-301F-11D3-BF4B-00C04F79EFBC}") = "RaspisKusach", "RaspisKusach\RaspisKusach.csproj", "{2CCDB4F0-6D9E-42A0-8346-C91B96E793B4}"
EndProject
Global
	GlobalSection(SolutionConfigurationPlatforms) = preSolution
		Debug|Any CPU = Debug|Any CPU
		Release|Any CPU = Release|Any CPU
	EndGlobalSection
	GlobalSection(ProjectConfigurationPlatforms) = postSolution
		{2CCDB4F0-6D9E-42A0-8346-C91B96E793B4}.Debug|Any CPU.ActiveCfg = Debug|Any CPU
		{2CCDB4F0-6D9E-42A0-8346-C91B96E793B4}.Debug|Any CPU.Build.0 = Debug|Any CPU
		{2CCDB4F0-6D9E-42A0-8346-C91B96E793B4}.Release|Any CPU.ActiveCfg = Release|Any CPU
		{2CCDB4F0-6D9E-42A0-8346-C91B96E793B4}.Release|Any CPU.Build.0 = Release|Any CPU
	EndGlobalSection
	GlobalSection(SolutionProperties) = preSolution
		HideSolutionNode = FALSE
	EndGlobalSection
	GlobalSection(ExtensibilityGlobals) = postSolution
		SolutionGuid = {84D00D75-DAF8-442C-BF5D-7983C4EC4EC9}
	EndGlobalSection
EndGlobal
